// !$*UTF8*$!
{
	archiveVersion = 1;
	classes = {
	};
	objectVersion = 46;
	objects = {

/* Begin PBXBuildFile section */
		F35FD69C151C46F600DF2971 /* UIKit.framework in Frameworks */ = {isa = PBXBuildFile; fileRef = F35FD69B151C46F600DF2971 /* UIKit.framework */; };
		F35FD69E151C46F600DF2971 /* Foundation.framework in Frameworks */ = {isa = PBXBuildFile; fileRef = F35FD69D151C46F600DF2971 /* Foundation.framework */; };
		F35FD6A0151C46F600DF2971 /* CoreGraphics.framework in Frameworks */ = {isa = PBXBuildFile; fileRef = F35FD69F151C46F600DF2971 /* CoreGraphics.framework */; };
		F35FD6A6151C46F600DF2971 /* InfoPlist.strings in Resources */ = {isa = PBXBuildFile; fileRef = F35FD6A4151C46F600DF2971 /* InfoPlist.strings */; };
		F35FD6A8151C46F600DF2971 /* main.m in Sources */ = {isa = PBXBuildFile; fileRef = F35FD6A7151C46F600DF2971 /* main.m */; };
		F35FD6AC151C46F600DF2971 /* edu_osuAppDelegate.m in Sources */ = {isa = PBXBuildFile; fileRef = F35FD6AB151C46F600DF2971 /* edu_osuAppDelegate.m */; };
		F35FD6AF151C46F600DF2971 /* edu_osuViewController.m in Sources */ = {isa = PBXBuildFile; fileRef = F35FD6AE151C46F600DF2971 /* edu_osuViewController.m */; };
		F35FD6B2151C46F600DF2971 /* edu_osuViewController.xib in Resources */ = {isa = PBXBuildFile; fileRef = F35FD6B0151C46F600DF2971 /* edu_osuViewController.xib */; };
		F35FD6CD151C48BB00DF2971 /* ASIAuthenticationDialog.m in Sources */ = {isa = PBXBuildFile; fileRef = F35FD6BA151C48BB00DF2971 /* ASIAuthenticationDialog.m */; settings = {COMPILER_FLAGS = "-fno-objc-arc"; }; };
		F35FD6CE151C48BB00DF2971 /* ASIDataCompressor.m in Sources */ = {isa = PBXBuildFile; fileRef = F35FD6BD151C48BB00DF2971 /* ASIDataCompressor.m */; settings = {COMPILER_FLAGS = "-fno-objc-arc"; }; };
		F35FD6CF151C48BB00DF2971 /* ASIDataDecompressor.m in Sources */ = {isa = PBXBuildFile; fileRef = F35FD6BF151C48BB00DF2971 /* ASIDataDecompressor.m */; settings = {COMPILER_FLAGS = "-fno-objc-arc"; }; };
		F35FD6D0151C48BB00DF2971 /* ASIDownloadCache.m in Sources */ = {isa = PBXBuildFile; fileRef = F35FD6C1151C48BB00DF2971 /* ASIDownloadCache.m */; settings = {COMPILER_FLAGS = "-fno-objc-arc"; }; };
		F35FD6D1151C48BB00DF2971 /* ASIFormDataRequest.m in Sources */ = {isa = PBXBuildFile; fileRef = F35FD6C3151C48BB00DF2971 /* ASIFormDataRequest.m */; settings = {COMPILER_FLAGS = "-fno-objc-arc"; }; };
		F35FD6D2151C48BB00DF2971 /* ASIHTTPRequest.m in Sources */ = {isa = PBXBuildFile; fileRef = F35FD6C5151C48BB00DF2971 /* ASIHTTPRequest.m */; settings = {COMPILER_FLAGS = "-fno-objc-arc"; }; };
		F35FD6D3151C48BB00DF2971 /* ASIInputStream.m in Sources */ = {isa = PBXBuildFile; fileRef = F35FD6C9151C48BB00DF2971 /* ASIInputStream.m */; settings = {COMPILER_FLAGS = "-fno-objc-arc"; }; };
		F35FD6D4151C48BB00DF2971 /* ASINetworkQueue.m in Sources */ = {isa = PBXBuildFile; fileRef = F35FD6CB151C48BB00DF2971 /* ASINetworkQueue.m */; settings = {COMPILER_FLAGS = "-fno-objc-arc"; }; };
		F35FD6D7151C48CE00DF2971 /* Reachability.m in Sources */ = {isa = PBXBuildFile; fileRef = F35FD6D6151C48CE00DF2971 /* Reachability.m */; settings = {COMPILER_FLAGS = "-fno-objc-arc"; }; };
		F35FD6D9151C490F00DF2971 /* CFNetwork.framework in Frameworks */ = {isa = PBXBuildFile; fileRef = F35FD6D8151C490F00DF2971 /* CFNetwork.framework */; };
		F35FD6DB151C491C00DF2971 /* SystemConfiguration.framework in Frameworks */ = {isa = PBXBuildFile; fileRef = F35FD6DA151C491C00DF2971 /* SystemConfiguration.framework */; };
		F35FD6DD151C492500DF2971 /* MobileCoreServices.framework in Frameworks */ = {isa = PBXBuildFile; fileRef = F35FD6DC151C492500DF2971 /* MobileCoreServices.framework */; };
		F35FD6DF151C493E00DF2971 /* libz.dylib in Frameworks */ = {isa = PBXBuildFile; fileRef = F35FD6DE151C493E00DF2971 /* libz.dylib */; };
		F3CE5E7C151D040C00BD69F3 /* AppManager.m in Sources */ = {isa = PBXBuildFile; fileRef = F3CE5E7B151D040C00BD69F3 /* AppManager.m */; };
		F3CE5E8C151D12AB00BD69F3 /* Background.jpg in Resources */ = {isa = PBXBuildFile; fileRef = F3CE5E8B151D12AB00BD69F3 /* Background.jpg */; };
		F3CE5E91151D135500BD69F3 /* twitter blue_button_highlight.png in Resources */ = {isa = PBXBuildFile; fileRef = F3CE5E8D151D135500BD69F3 /* twitter blue_button_highlight.png */; };
		F3CE5E92151D135500BD69F3 /* twitter blue_button-highlight@2x.png in Resources */ = {isa = PBXBuildFile; fileRef = F3CE5E8E151D135500BD69F3 /* twitter blue_button-highlight@2x.png */; };
		F3CE5E93151D135500BD69F3 /* twitter blue_button.png in Resources */ = {isa = PBXBuildFile; fileRef = F3CE5E8F151D135500BD69F3 /* twitter blue_button.png */; };
		F3CE5E94151D135500BD69F3 /* twitter blue_button@2x.png in Resources */ = {isa = PBXBuildFile; fileRef = F3CE5E90151D135500BD69F3 /* twitter blue_button@2x.png */; };
		F3CE5E99151D18E200BD69F3 /* AllEvents.m in Sources */ = {isa = PBXBuildFile; fileRef = F3CE5E97151D18E200BD69F3 /* AllEvents.m */; };
		F3CE5E9A151D18E200BD69F3 /* AllEvents.xib in Resources */ = {isa = PBXBuildFile; fileRef = F3CE5E98151D18E200BD69F3 /* AllEvents.xib */; };
		F3CE5E9F151D1E2400BD69F3 /* Event.m in Sources */ = {isa = PBXBuildFile; fileRef = F3CE5E9E151D1E2400BD69F3 /* Event.m */; };
		F3CE5EA7151D3FE000BD69F3 /* OOSL.png in Resources */ = {isa = PBXBuildFile; fileRef = F3CE5EA6151D3FE000BD69F3 /* OOSL.png */; };
/* End PBXBuildFile section */

/* Begin PBXFileReference section */
		F35FD697151C46F600DF2971 /* iOSOsuEventsApp.app */ = {isa = PBXFileReference; explicitFileType = wrapper.application; includeInIndex = 0; path = iOSOsuEventsApp.app; sourceTree = BUILT_PRODUCTS_DIR; };
		F35FD69B151C46F600DF2971 /* UIKit.framework */ = {isa = PBXFileReference; lastKnownFileType = wrapper.framework; name = UIKit.framework; path = System/Library/Frameworks/UIKit.framework; sourceTree = SDKROOT; };
		F35FD69D151C46F600DF2971 /* Foundation.framework */ = {isa = PBXFileReference; lastKnownFileType = wrapper.framework; name = Foundation.framework; path = System/Library/Frameworks/Foundation.framework; sourceTree = SDKROOT; };
		F35FD69F151C46F600DF2971 /* CoreGraphics.framework */ = {isa = PBXFileReference; lastKnownFileType = wrapper.framework; name = CoreGraphics.framework; path = System/Library/Frameworks/CoreGraphics.framework; sourceTree = SDKROOT; };
		F35FD6A3151C46F600DF2971 /* iOSOsuEventsApp-Info.plist */ = {isa = PBXFileReference; lastKnownFileType = text.plist.xml; path = "iOSOsuEventsApp-Info.plist"; sourceTree = "<group>"; };
		F35FD6A5151C46F600DF2971 /* en */ = {isa = PBXFileReference; lastKnownFileType = text.plist.strings; name = en; path = en.lproj/InfoPlist.strings; sourceTree = "<group>"; };
		F35FD6A7151C46F600DF2971 /* main.m */ = {isa = PBXFileReference; lastKnownFileType = sourcecode.c.objc; path = main.m; sourceTree = "<group>"; };
		F35FD6A9151C46F600DF2971 /* iOSOsuEventsApp-Prefix.pch */ = {isa = PBXFileReference; lastKnownFileType = sourcecode.c.h; path = "iOSOsuEventsApp-Prefix.pch"; sourceTree = "<group>"; };
		F35FD6AA151C46F600DF2971 /* edu_osuAppDelegate.h */ = {isa = PBXFileReference; lastKnownFileType = sourcecode.c.h; path = edu_osuAppDelegate.h; sourceTree = "<group>"; };
		F35FD6AB151C46F600DF2971 /* edu_osuAppDelegate.m */ = {isa = PBXFileReference; lastKnownFileType = sourcecode.c.objc; path = edu_osuAppDelegate.m; sourceTree = "<group>"; };
		F35FD6AD151C46F600DF2971 /* edu_osuViewController.h */ = {isa = PBXFileReference; lastKnownFileType = sourcecode.c.h; path = edu_osuViewController.h; sourceTree = "<group>"; };
		F35FD6AE151C46F600DF2971 /* edu_osuViewController.m */ = {isa = PBXFileReference; lastKnownFileType = sourcecode.c.objc; path = edu_osuViewController.m; sourceTree = "<group>"; };
		F35FD6B1151C46F600DF2971 /* en */ = {isa = PBXFileReference; lastKnownFileType = file.xib; name = en; path = en.lproj/edu_osuViewController.xib; sourceTree = "<group>"; };
		F35FD6B9151C48BB00DF2971 /* ASIAuthenticationDialog.h */ = {isa = PBXFileReference; fileEncoding = 4; lastKnownFileType = sourcecode.c.h; path = ASIAuthenticationDialog.h; sourceTree = "<group>"; };
		F35FD6BA151C48BB00DF2971 /* ASIAuthenticationDialog.m */ = {isa = PBXFileReference; fileEncoding = 4; lastKnownFileType = sourcecode.c.objc; path = ASIAuthenticationDialog.m; sourceTree = "<group>"; };
		F35FD6BB151C48BB00DF2971 /* ASICacheDelegate.h */ = {isa = PBXFileReference; fileEncoding = 4; lastKnownFileType = sourcecode.c.h; path = ASICacheDelegate.h; sourceTree = "<group>"; };
		F35FD6BC151C48BB00DF2971 /* ASIDataCompressor.h */ = {isa = PBXFileReference; fileEncoding = 4; lastKnownFileType = sourcecode.c.h; path = ASIDataCompressor.h; sourceTree = "<group>"; };
		F35FD6BD151C48BB00DF2971 /* ASIDataCompressor.m */ = {isa = PBXFileReference; fileEncoding = 4; lastKnownFileType = sourcecode.c.objc; path = ASIDataCompressor.m; sourceTree = "<group>"; };
		F35FD6BE151C48BB00DF2971 /* ASIDataDecompressor.h */ = {isa = PBXFileReference; fileEncoding = 4; lastKnownFileType = sourcecode.c.h; path = ASIDataDecompressor.h; sourceTree = "<group>"; };
		F35FD6BF151C48BB00DF2971 /* ASIDataDecompressor.m */ = {isa = PBXFileReference; fileEncoding = 4; lastKnownFileType = sourcecode.c.objc; path = ASIDataDecompressor.m; sourceTree = "<group>"; };
		F35FD6C0151C48BB00DF2971 /* ASIDownloadCache.h */ = {isa = PBXFileReference; fileEncoding = 4; lastKnownFileType = sourcecode.c.h; path = ASIDownloadCache.h; sourceTree = "<group>"; };
		F35FD6C1151C48BB00DF2971 /* ASIDownloadCache.m */ = {isa = PBXFileReference; fileEncoding = 4; lastKnownFileType = sourcecode.c.objc; path = ASIDownloadCache.m; sourceTree = "<group>"; };
		F35FD6C2151C48BB00DF2971 /* ASIFormDataRequest.h */ = {isa = PBXFileReference; fileEncoding = 4; lastKnownFileType = sourcecode.c.h; path = ASIFormDataRequest.h; sourceTree = "<group>"; };
		F35FD6C3151C48BB00DF2971 /* ASIFormDataRequest.m */ = {isa = PBXFileReference; fileEncoding = 4; lastKnownFileType = sourcecode.c.objc; path = ASIFormDataRequest.m; sourceTree = "<group>"; };
		F35FD6C4151C48BB00DF2971 /* ASIHTTPRequest.h */ = {isa = PBXFileReference; fileEncoding = 4; lastKnownFileType = sourcecode.c.h; path = ASIHTTPRequest.h; sourceTree = "<group>"; };
		F35FD6C5151C48BB00DF2971 /* ASIHTTPRequest.m */ = {isa = PBXFileReference; fileEncoding = 4; lastKnownFileType = sourcecode.c.objc; path = ASIHTTPRequest.m; sourceTree = "<group>"; };
		F35FD6C6151C48BB00DF2971 /* ASIHTTPRequestConfig.h */ = {isa = PBXFileReference; fileEncoding = 4; lastKnownFileType = sourcecode.c.h; path = ASIHTTPRequestConfig.h; sourceTree = "<group>"; };
		F35FD6C7151C48BB00DF2971 /* ASIHTTPRequestDelegate.h */ = {isa = PBXFileReference; fileEncoding = 4; lastKnownFileType = sourcecode.c.h; path = ASIHTTPRequestDelegate.h; sourceTree = "<group>"; };
		F35FD6C8151C48BB00DF2971 /* ASIInputStream.h */ = {isa = PBXFileReference; fileEncoding = 4; lastKnownFileType = sourcecode.c.h; path = ASIInputStream.h; sourceTree = "<group>"; };
		F35FD6C9151C48BB00DF2971 /* ASIInputStream.m */ = {isa = PBXFileReference; fileEncoding = 4; lastKnownFileType = sourcecode.c.objc; path = ASIInputStream.m; sourceTree = "<group>"; };
		F35FD6CA151C48BB00DF2971 /* ASINetworkQueue.h */ = {isa = PBXFileReference; fileEncoding = 4; lastKnownFileType = sourcecode.c.h; path = ASINetworkQueue.h; sourceTree = "<group>"; };
		F35FD6CB151C48BB00DF2971 /* ASINetworkQueue.m */ = {isa = PBXFileReference; fileEncoding = 4; lastKnownFileType = sourcecode.c.objc; path = ASINetworkQueue.m; sourceTree = "<group>"; };
		F35FD6CC151C48BB00DF2971 /* ASIProgressDelegate.h */ = {isa = PBXFileReference; fileEncoding = 4; lastKnownFileType = sourcecode.c.h; path = ASIProgressDelegate.h; sourceTree = "<group>"; };
		F35FD6D5151C48CE00DF2971 /* Reachability.h */ = {isa = PBXFileReference; fileEncoding = 4; lastKnownFileType = sourcecode.c.h; path = Reachability.h; sourceTree = "<group>"; };
		F35FD6D6151C48CE00DF2971 /* Reachability.m */ = {isa = PBXFileReference; fileEncoding = 4; lastKnownFileType = sourcecode.c.objc; path = Reachability.m; sourceTree = "<group>"; };
		F35FD6D8151C490F00DF2971 /* CFNetwork.framework */ = {isa = PBXFileReference; lastKnownFileType = wrapper.framework; name = CFNetwork.framework; path = System/Library/Frameworks/CFNetwork.framework; sourceTree = SDKROOT; };
		F35FD6DA151C491C00DF2971 /* SystemConfiguration.framework */ = {isa = PBXFileReference; lastKnownFileType = wrapper.framework; name = SystemConfiguration.framework; path = System/Library/Frameworks/SystemConfiguration.framework; sourceTree = SDKROOT; };
		F35FD6DC151C492500DF2971 /* MobileCoreServices.framework */ = {isa = PBXFileReference; lastKnownFileType = wrapper.framework; name = MobileCoreServices.framework; path = System/Library/Frameworks/MobileCoreServices.framework; sourceTree = SDKROOT; };
		F35FD6DE151C493E00DF2971 /* libz.dylib */ = {isa = PBXFileReference; lastKnownFileType = "compiled.mach-o.dylib"; name = libz.dylib; path = usr/lib/libz.dylib; sourceTree = SDKROOT; };
		F3CE5E7A151D040C00BD69F3 /* AppManager.h */ = {isa = PBXFileReference; fileEncoding = 4; lastKnownFileType = sourcecode.c.h; path = AppManager.h; sourceTree = "<group>"; };
		F3CE5E7B151D040C00BD69F3 /* AppManager.m */ = {isa = PBXFileReference; fileEncoding = 4; lastKnownFileType = sourcecode.c.objc; path = AppManager.m; sourceTree = "<group>"; };
		F3CE5E8B151D12AB00BD69F3 /* Background.jpg */ = {isa = PBXFileReference; lastKnownFileType = image.jpeg; path = Background.jpg; sourceTree = "<group>"; };
		F3CE5E8D151D135500BD69F3 /* twitter blue_button_highlight.png */ = {isa = PBXFileReference; lastKnownFileType = image.png; path = "twitter blue_button_highlight.png"; sourceTree = "<group>"; };
		F3CE5E8E151D135500BD69F3 /* twitter blue_button-highlight@2x.png */ = {isa = PBXFileReference; lastKnownFileType = image.png; path = "twitter blue_button-highlight@2x.png"; sourceTree = "<group>"; };
		F3CE5E8F151D135500BD69F3 /* twitter blue_button.png */ = {isa = PBXFileReference; lastKnownFileType = image.png; path = "twitter blue_button.png"; sourceTree = "<group>"; };
		F3CE5E90151D135500BD69F3 /* twitter blue_button@2x.png */ = {isa = PBXFileReference; lastKnownFileType = image.png; path = "twitter blue_button@2x.png"; sourceTree = "<group>"; };
		F3CE5E96151D18E200BD69F3 /* AllEvents.h */ = {isa = PBXFileReference; fileEncoding = 4; lastKnownFileType = sourcecode.c.h; path = AllEvents.h; sourceTree = "<group>"; };
		F3CE5E97151D18E200BD69F3 /* AllEvents.m */ = {isa = PBXFileReference; fileEncoding = 4; lastKnownFileType = sourcecode.c.objc; path = AllEvents.m; sourceTree = "<group>"; };
		F3CE5E98151D18E200BD69F3 /* AllEvents.xib */ = {isa = PBXFileReference; fileEncoding = 4; lastKnownFileType = file.xib; path = AllEvents.xib; sourceTree = "<group>"; };
		F3CE5E9D151D1E2400BD69F3 /* Event.h */ = {isa = PBXFileReference; fileEncoding = 4; lastKnownFileType = sourcecode.c.h; path = Event.h; sourceTree = "<group>"; };
		F3CE5E9E151D1E2400BD69F3 /* Event.m */ = {isa = PBXFileReference; fileEncoding = 4; lastKnownFileType = sourcecode.c.objc; path = Event.m; sourceTree = "<group>"; };
		F3CE5EA6151D3FE000BD69F3 /* OOSL.png */ = {isa = PBXFileReference; lastKnownFileType = image.png; path = OOSL.png; sourceTree = "<group>"; };
/* End PBXFileReference section */

/* Begin PBXFrameworksBuildPhase section */
		F35FD694151C46F600DF2971 /* Frameworks */ = {
			isa = PBXFrameworksBuildPhase;
			buildActionMask = 2147483647;
			files = (
				F35FD6DF151C493E00DF2971 /* libz.dylib in Frameworks */,
				F35FD6A0151C46F600DF2971 /* CoreGraphics.framework in Frameworks */,
				F35FD6DD151C492500DF2971 /* MobileCoreServices.framework in Frameworks */,
				F35FD6DB151C491C00DF2971 /* SystemConfiguration.framework in Frameworks */,
				F35FD6D9151C490F00DF2971 /* CFNetwork.framework in Frameworks */,
				F35FD69C151C46F600DF2971 /* UIKit.framework in Frameworks */,
				F35FD69E151C46F600DF2971 /* Foundation.framework in Frameworks */,
			);
			runOnlyForDeploymentPostprocessing = 0;
		};
/* End PBXFrameworksBuildPhase section */

/* Begin PBXGroup section */
		F35FD68C151C46F600DF2971 = {
			isa = PBXGroup;
			children = (
				F35FD6DE151C493E00DF2971 /* libz.dylib */,
				F35FD6DC151C492500DF2971 /* MobileCoreServices.framework */,
				F35FD6DA151C491C00DF2971 /* SystemConfiguration.framework */,
				F35FD6D8151C490F00DF2971 /* CFNetwork.framework */,
				F35FD6B8151C47F000DF2971 /* ASIHttpRequest */,
				F35FD6A1151C46F600DF2971 /* iOSOsuEventsApp */,
				F35FD69A151C46F600DF2971 /* Frameworks */,
				F35FD698151C46F600DF2971 /* Products */,
			);
			sourceTree = "<group>";
		};
		F35FD698151C46F600DF2971 /* Products */ = {
			isa = PBXGroup;
			children = (
				F35FD697151C46F600DF2971 /* iOSOsuEventsApp.app */,
			);
			name = Products;
			sourceTree = "<group>";
		};
		F35FD69A151C46F600DF2971 /* Frameworks */ = {
			isa = PBXGroup;
			children = (
				F35FD69B151C46F600DF2971 /* UIKit.framework */,
				F35FD69D151C46F600DF2971 /* Foundation.framework */,
				F35FD69F151C46F600DF2971 /* CoreGraphics.framework */,
			);
			name = Frameworks;
			sourceTree = "<group>";
		};
		F35FD6A1151C46F600DF2971 /* iOSOsuEventsApp */ = {
			isa = PBXGroup;
			children = (
				F3CE5E9C151D1D5A00BD69F3 /* Entity Classes */,
				F3CE5E95151D189200BD69F3 /* All Events View */,
				F3CE5E75151D03AE00BD69F3 /* Core Classes */,
				F35FD6E4151C4A2800DF2971 /* Initial View */,
				F35FD6AA151C46F600DF2971 /* edu_osuAppDelegate.h */,
				F35FD6AB151C46F600DF2971 /* edu_osuAppDelegate.m */,
				F35FD6A2151C46F600DF2971 /* Supporting Files */,
			);
			path = iOSOsuEventsApp;
			sourceTree = "<group>";
		};
		F35FD6A2151C46F600DF2971 /* Supporting Files */ = {
			isa = PBXGroup;
			children = (
				F3CE5E7D151D09A200BD69F3 /* Images */,
				F35FD6A3151C46F600DF2971 /* iOSOsuEventsApp-Info.plist */,
				F35FD6A4151C46F600DF2971 /* InfoPlist.strings */,
				F35FD6A7151C46F600DF2971 /* main.m */,
				F35FD6A9151C46F600DF2971 /* iOSOsuEventsApp-Prefix.pch */,
			);
			name = "Supporting Files";
			sourceTree = "<group>";
		};
		F35FD6B8151C47F000DF2971 /* ASIHttpRequest */ = {
			isa = PBXGroup;
			children = (
				F35FD6D5151C48CE00DF2971 /* Reachability.h */,
				F35FD6D6151C48CE00DF2971 /* Reachability.m */,
				F35FD6B9151C48BB00DF2971 /* ASIAuthenticationDialog.h */,
				F35FD6BA151C48BB00DF2971 /* ASIAuthenticationDialog.m */,
				F35FD6BB151C48BB00DF2971 /* ASICacheDelegate.h */,
				F35FD6BC151C48BB00DF2971 /* ASIDataCompressor.h */,
				F35FD6BD151C48BB00DF2971 /* ASIDataCompressor.m */,
				F35FD6BE151C48BB00DF2971 /* ASIDataDecompressor.h */,
				F35FD6BF151C48BB00DF2971 /* ASIDataDecompressor.m */,
				F35FD6C0151C48BB00DF2971 /* ASIDownloadCache.h */,
				F35FD6C1151C48BB00DF2971 /* ASIDownloadCache.m */,
				F35FD6C2151C48BB00DF2971 /* ASIFormDataRequest.h */,
				F35FD6C3151C48BB00DF2971 /* ASIFormDataRequest.m */,
				F35FD6C4151C48BB00DF2971 /* ASIHTTPRequest.h */,
				F35FD6C5151C48BB00DF2971 /* ASIHTTPRequest.m */,
				F35FD6C6151C48BB00DF2971 /* ASIHTTPRequestConfig.h */,
				F35FD6C7151C48BB00DF2971 /* ASIHTTPRequestDelegate.h */,
				F35FD6C8151C48BB00DF2971 /* ASIInputStream.h */,
				F35FD6C9151C48BB00DF2971 /* ASIInputStream.m */,
				F35FD6CA151C48BB00DF2971 /* ASINetworkQueue.h */,
				F35FD6CB151C48BB00DF2971 /* ASINetworkQueue.m */,
				F35FD6CC151C48BB00DF2971 /* ASIProgressDelegate.h */,
			);
			name = ASIHttpRequest;
			sourceTree = "<group>";
		};
		F35FD6E4151C4A2800DF2971 /* Initial View */ = {
			isa = PBXGroup;
			children = (
				F35FD6AD151C46F600DF2971 /* edu_osuViewController.h */,
				F35FD6AE151C46F600DF2971 /* edu_osuViewController.m */,
				F35FD6B0151C46F600DF2971 /* edu_osuViewController.xib */,
			);
			name = "Initial View";
			sourceTree = "<group>";
		};
		F3CE5E75151D03AE00BD69F3 /* Core Classes */ = {
			isa = PBXGroup;
			children = (
				F3CE5E7A151D040C00BD69F3 /* AppManager.h */,
				F3CE5E7B151D040C00BD69F3 /* AppManager.m */,
			);
			name = "Core Classes";
			sourceTree = "<group>";
		};
		F3CE5E7D151D09A200BD69F3 /* Images */ = {
			isa = PBXGroup;
			children = (
				F3CE5EA6151D3FE000BD69F3 /* OOSL.png */,
				F3CE5E8D151D135500BD69F3 /* twitter blue_button_highlight.png */,
				F3CE5E8E151D135500BD69F3 /* twitter blue_button-highlight@2x.png */,
				F3CE5E8F151D135500BD69F3 /* twitter blue_button.png */,
				F3CE5E90151D135500BD69F3 /* twitter blue_button@2x.png */,
				F3CE5E8B151D12AB00BD69F3 /* Background.jpg */,
			);
			name = Images;
			sourceTree = "<group>";
		};
		F3CE5E95151D189200BD69F3 /* All Events View */ = {
			isa = PBXGroup;
			children = (
				F3CE5E9B151D18E700BD69F3 /* Classes */,
				F3CE5E98151D18E200BD69F3 /* AllEvents.xib */,
			);
			name = "All Events View";
			sourceTree = "<group>";
		};
		F3CE5E9B151D18E700BD69F3 /* Classes */ = {
			isa = PBXGroup;
			children = (
				F3CE5E96151D18E200BD69F3 /* AllEvents.h */,
				F3CE5E97151D18E200BD69F3 /* AllEvents.m */,
			);
			name = Classes;
			sourceTree = "<group>";
		};
		F3CE5E9C151D1D5A00BD69F3 /* Entity Classes */ = {
			isa = PBXGroup;
			children = (
				F3CE5E9D151D1E2400BD69F3 /* Event.h */,
				F3CE5E9E151D1E2400BD69F3 /* Event.m */,
			);
			name = "Entity Classes";
			sourceTree = "<group>";
		};
/* End PBXGroup section */

/* Begin PBXNativeTarget section */
		F35FD696151C46F600DF2971 /* iOSOsuEventsApp */ = {
			isa = PBXNativeTarget;
			buildConfigurationList = F35FD6B5151C46F600DF2971 /* Build configuration list for PBXNativeTarget "iOSOsuEventsApp" */;
			buildPhases = (
				F35FD693151C46F600DF2971 /* Sources */,
				F35FD694151C46F600DF2971 /* Frameworks */,
				F35FD695151C46F600DF2971 /* Resources */,
			);
			buildRules = (
			);
			dependencies = (
			);
			name = iOSOsuEventsApp;
			productName = iOSOsuEventsApp;
			productReference = F35FD697151C46F600DF2971 /* iOSOsuEventsApp.app */;
			productType = "com.apple.product-type.application";
		};
/* End PBXNativeTarget section */

/* Begin PBXProject section */
		F35FD68E151C46F600DF2971 /* Project object */ = {
			isa = PBXProject;
			attributes = {
				LastUpgradeCheck = 0420;
				ORGANIZATIONNAME = "The Ohio State University";
			};
			buildConfigurationList = F35FD691151C46F600DF2971 /* Build configuration list for PBXProject "iOSOsuEventsApp" */;
			compatibilityVersion = "Xcode 3.2";
			developmentRegion = English;
			hasScannedForEncodings = 0;
			knownRegions = (
				en,
			);
			mainGroup = F35FD68C151C46F600DF2971;
			productRefGroup = F35FD698151C46F600DF2971 /* Products */;
			projectDirPath = "";
			projectRoot = "";
			targets = (
				F35FD696151C46F600DF2971 /* iOSOsuEventsApp */,
			);
		};
/* End PBXProject section */

/* Begin PBXResourcesBuildPhase section */
		F35FD695151C46F600DF2971 /* Resources */ = {
			isa = PBXResourcesBuildPhase;
			buildActionMask = 2147483647;
			files = (
				F35FD6A6151C46F600DF2971 /* InfoPlist.strings in Resources */,
				F35FD6B2151C46F600DF2971 /* edu_osuViewController.xib in Resources */,
				F3CE5E8C151D12AB00BD69F3 /* Background.jpg in Resources */,
				F3CE5E91151D135500BD69F3 /* twitter blue_button_highlight.png in Resources */,
				F3CE5E92151D135500BD69F3 /* twitter blue_button-highlight@2x.png in Resources */,
				F3CE5E93151D135500BD69F3 /* twitter blue_button.png in Resources */,
				F3CE5E94151D135500BD69F3 /* twitter blue_button@2x.png in Resources */,
				F3CE5E9A151D18E200BD69F3 /* AllEvents.xib in Resources */,
				F3CE5EA7151D3FE000BD69F3 /* OOSL.png in Resources */,
			);
			runOnlyForDeploymentPostprocessing = 0;
		};
/* End PBXResourcesBuildPhase section */

/* Begin PBXSourcesBuildPhase section */
		F35FD693151C46F600DF2971 /* Sources */ = {
			isa = PBXSourcesBuildPhase;
			buildActionMask = 2147483647;
			files = (
				F35FD6A8151C46F600DF2971 /* main.m in Sources */,
				F35FD6AC151C46F600DF2971 /* edu_osuAppDelegate.m in Sources */,
				F35FD6AF151C46F600DF2971 /* edu_osuViewController.m in Sources */,
				F35FD6CD151C48BB00DF2971 /* ASIAuthenticationDialog.m in Sources */,
				F35FD6CE151C48BB00DF2971 /* ASIDataCompressor.m in Sources */,
				F35FD6CF151C48BB00DF2971 /* ASIDataDecompressor.m in Sources */,
				F35FD6D0151C48BB00DF2971 /* ASIDownloadCache.m in Sources */,
				F35FD6D1151C48BB00DF2971 /* ASIFormDataRequest.m in Sources */,
				F35FD6D2151C48BB00DF2971 /* ASIHTTPRequest.m in Sources */,
				F35FD6D3151C48BB00DF2971 /* ASIInputStream.m in Sources */,
				F35FD6D4151C48BB00DF2971 /* ASINetworkQueue.m in Sources */,
				F35FD6D7151C48CE00DF2971 /* Reachability.m in Sources */,
				F3CE5E7C151D040C00BD69F3 /* AppManager.m in Sources */,
				F3CE5E99151D18E200BD69F3 /* AllEvents.m in Sources */,
				F3CE5E9F151D1E2400BD69F3 /* Event.m in Sources */,
			);
			runOnlyForDeploymentPostprocessing = 0;
		};
/* End PBXSourcesBuildPhase section */

/* Begin PBXVariantGroup section */
		F35FD6A4151C46F600DF2971 /* InfoPlist.strings */ = {
			isa = PBXVariantGroup;
			children = (
				F35FD6A5151C46F600DF2971 /* en */,
			);
			name = InfoPlist.strings;
			sourceTree = "<group>";
		};
		F35FD6B0151C46F600DF2971 /* edu_osuViewController.xib */ = {
			isa = PBXVariantGroup;
			children = (
				F35FD6B1151C46F600DF2971 /* en */,
			);
			name = edu_osuViewController.xib;
			sourceTree = "<group>";
		};
/* End PBXVariantGroup section */

/* Begin XCBuildConfiguration section */
		F35FD6B3151C46F600DF2971 /* Debug */ = {
			isa = XCBuildConfiguration;
			buildSettings = {
				ALWAYS_SEARCH_USER_PATHS = NO;
				ARCHS = "$(ARCHS_STANDARD_32_BIT)";
				CLANG_ENABLE_OBJC_ARC = YES;
				"CODE_SIGN_IDENTITY[sdk=iphoneos*]" = "iPhone Developer";
				COPY_PHASE_STRIP = NO;
				GCC_C_LANGUAGE_STANDARD = gnu99;
				GCC_DYNAMIC_NO_PIC = NO;
				GCC_OPTIMIZATION_LEVEL = 0;
				GCC_PREPROCESSOR_DEFINITIONS = (
					"DEBUG=1",
					"$(inherited)",
				);
				GCC_SYMBOLS_PRIVATE_EXTERN = NO;
				GCC_VERSION = com.apple.compilers.llvm.clang.1_0;
				GCC_WARN_ABOUT_MISSING_PROTOTYPES = YES;
				GCC_WARN_ABOUT_RETURN_TYPE = YES;
				GCC_WARN_UNUSED_VARIABLE = YES;
				IPHONEOS_DEPLOYMENT_TARGET = 5.0;
				SDKROOT = iphoneos;
			};
			name = Debug;
		};
		F35FD6B4151C46F600DF2971 /* Release */ = {
			isa = XCBuildConfiguration;
			buildSettings = {
				ALWAYS_SEARCH_USER_PATHS = NO;
				ARCHS = "$(ARCHS_STANDARD_32_BIT)";
				CLANG_ENABLE_OBJC_ARC = YES;
				"CODE_SIGN_IDENTITY[sdk=iphoneos*]" = "iPhone Developer";
				COPY_PHASE_STRIP = YES;
				GCC_C_LANGUAGE_STANDARD = gnu99;
				GCC_VERSION = com.apple.compilers.llvm.clang.1_0;
				GCC_WARN_ABOUT_MISSING_PROTOTYPES = YES;
				GCC_WARN_ABOUT_RETURN_TYPE = YES;
				GCC_WARN_UNUSED_VARIABLE = YES;
				IPHONEOS_DEPLOYMENT_TARGET = 5.0;
				OTHER_CFLAGS = "-DNS_BLOCK_ASSERTIONS=1";
				SDKROOT = iphoneos;
				VALIDATE_PRODUCT = YES;
			};
			name = Release;
		};
		F35FD6B6151C46F600DF2971 /* Debug */ = {
			isa = XCBuildConfiguration;
			buildSettings = {
				GCC_PRECOMPILE_PREFIX_HEADER = YES;
				GCC_PREFIX_HEADER = "iOSOsuEventsApp/iOSOsuEventsApp-Prefix.pch";
				INFOPLIST_FILE = "iOSOsuEventsApp/iOSOsuEventsApp-Info.plist";
				PRODUCT_NAME = "$(TARGET_NAME)";
				WRAPPER_EXTENSION = app;
			};
			name = Debug;
		};
		F35FD6B7151C46F600DF2971 /* Release */ = {
			isa = XCBuildConfiguration;
			buildSettings = {
				GCC_PRECOMPILE_PREFIX_HEADER = YES;
				GCC_PREFIX_HEADER = "iOSOsuEventsApp/iOSOsuEventsApp-Prefix.pch";
				INFOPLIST_FILE = "iOSOsuEventsApp/iOSOsuEventsApp-Info.plist";
				PRODUCT_NAME = "$(TARGET_NAME)";
				WRAPPER_EXTENSION = app;
			};
			name = Release;
		};
/* End XCBuildConfiguration section */

/* Begin XCConfigurationList section */
		F35FD691151C46F600DF2971 /* Build configuration list for PBXProject "iOSOsuEventsApp" */ = {
			isa = XCConfigurationList;
			buildConfigurations = (
				F35FD6B3151C46F600DF2971 /* Debug */,
				F35FD6B4151C46F600DF2971 /* Release */,
			);
			defaultConfigurationIsVisible = 0;
			defaultConfigurationName = Release;
		};
		F35FD6B5151C46F600DF2971 /* Build configuration list for PBXNativeTarget "iOSOsuEventsApp" */ = {
			isa = XCConfigurationList;
			buildConfigurations = (
				F35FD6B6151C46F600DF2971 /* Debug */,
				F35FD6B7151C46F600DF2971 /* Release */,
			);
			defaultConfigurationIsVisible = 0;
			defaultConfigurationName = Release;
		};
/* End XCConfigurationList section */
	};
	rootObject = F35FD68E151C46F600DF2971 /* Project object */;
}
